// !$*UTF8*$!
{
	archiveVersion = 1;
	classes = {
	};
	objectVersion = 46;
	objects = {

/* Begin PBXAggregateTarget section */
		"Blackjack::BlackjackPackageTests::ProductTarget" /* BlackjackPackageTests */ = {
			isa = PBXAggregateTarget;
			buildConfigurationList = OBJ_80 /* Build configuration list for PBXAggregateTarget "BlackjackPackageTests" */;
			buildPhases = (
			);
			dependencies = (
				OBJ_83 /* PBXTargetDependency */,
			);
			name = BlackjackPackageTests;
			productName = BlackjackPackageTests;
		};
/* End PBXAggregateTarget section */

/* Begin PBXBuildFile section */
		7911D378226A5B7B00922AA7 /* GameStateNavigatorImplTests.swift in Sources */ = {isa = PBXBuildFile; fileRef = 7911D377226A5B7B00922AA7 /* GameStateNavigatorImplTests.swift */; };
		7911D37A226A66FF00922AA7 /* GameStateNavigator.swift in Sources */ = {isa = PBXBuildFile; fileRef = 7911D379226A66FF00922AA7 /* GameStateNavigator.swift */; };
		795A26412264E8BD00C00886 /* HandComparisonTests.swift in Sources */ = {isa = PBXBuildFile; fileRef = 795A26402264E8BD00C00886 /* HandComparisonTests.swift */; };
		7967A21C226DE41800861EDF /* Hand+Extension.swift in Sources */ = {isa = PBXBuildFile; fileRef = 7967A21A226DE41300861EDF /* Hand+Extension.swift */; };
		7967A21E226DE88B00861EDF /* Dealer.swift in Sources */ = {isa = PBXBuildFile; fileRef = 7967A21D226DE88B00861EDF /* Dealer.swift */; };
		7967A220226E2EC700861EDF /* DealerSpy.swift in Sources */ = {isa = PBXBuildFile; fileRef = 7967A21F226E2EC700861EDF /* DealerSpy.swift */; };
		7967A222226E59C300861EDF /* DealerTests.swift in Sources */ = {isa = PBXBuildFile; fileRef = 7967A221226E59C300861EDF /* DealerTests.swift */; };
		7967A224226E59D200861EDF /* PlayerTests.swift in Sources */ = {isa = PBXBuildFile; fileRef = 7967A223226E59D200861EDF /* PlayerTests.swift */; };
		799E87D02278DCEB000276A4 /* GameOutcomeDelegateSpy.swift in Sources */ = {isa = PBXBuildFile; fileRef = 799E87CF2278DCEB000276A4 /* GameOutcomeDelegateSpy.swift */; };
		79BF5A9D22662FF60027FEED /* Chip.swift in Sources */ = {isa = PBXBuildFile; fileRef = 79BF5A9C22662FF60027FEED /* Chip.swift */; };
		79BF5A9F226634450027FEED /* Player.swift in Sources */ = {isa = PBXBuildFile; fileRef = 79BF5A9E226634450027FEED /* Player.swift */; };
		79BF5AA12266348F0027FEED /* Game.swift in Sources */ = {isa = PBXBuildFile; fileRef = 79BF5AA02266348F0027FEED /* Game.swift */; };
		79BF5AA62268A0A10027FEED /* GameImplTests.swift in Sources */ = {isa = PBXBuildFile; fileRef = 79BF5AA52268A0A10027FEED /* GameImplTests.swift */; };
		79BF5AA8226A3F8D0027FEED /* CardShoeSpy.swift in Sources */ = {isa = PBXBuildFile; fileRef = 79BF5AA7226A3F8D0027FEED /* CardShoeSpy.swift */; };
		79BF5AAA226A3F9C0027FEED /* PlayerSpy.swift in Sources */ = {isa = PBXBuildFile; fileRef = 79BF5AA9226A3F9C0027FEED /* PlayerSpy.swift */; };
		79BF5AAC226A3FB10027FEED /* GameStateNavigatorSpy.swift in Sources */ = {isa = PBXBuildFile; fileRef = 79BF5AAB226A3FB10027FEED /* GameStateNavigatorSpy.swift */; };
		79BF5AAE226A3FFF0027FEED /* Card+Extension.swift in Sources */ = {isa = PBXBuildFile; fileRef = 79BF5AAD226A3FFF0027FEED /* Card+Extension.swift */; };
		OBJ_106 /* Card.swift in Sources */ = {isa = PBXBuildFile; fileRef = OBJ_36 /* Card.swift */; };
		OBJ_107 /* Deck.swift in Sources */ = {isa = PBXBuildFile; fileRef = OBJ_37 /* Deck.swift */; };
		OBJ_108 /* Rank.swift in Sources */ = {isa = PBXBuildFile; fileRef = OBJ_38 /* Rank.swift */; };
		OBJ_109 /* Suit.swift in Sources */ = {isa = PBXBuildFile; fileRef = OBJ_39 /* Suit.swift */; };
		OBJ_116 /* Package.swift in Sources */ = {isa = PBXBuildFile; fileRef = OBJ_40 /* Package.swift */; };
		OBJ_121 /* Shuffler.swift in Sources */ = {isa = PBXBuildFile; fileRef = OBJ_31 /* Shuffler.swift */; };
		OBJ_122 /* StandardRandomNumberGenerator.swift in Sources */ = {isa = PBXBuildFile; fileRef = OBJ_32 /* StandardRandomNumberGenerator.swift */; };
		OBJ_129 /* Package.swift in Sources */ = {isa = PBXBuildFile; fileRef = OBJ_33 /* Package.swift */; };
		OBJ_55 /* AutomaticCardShuffler.swift in Sources */ = {isa = PBXBuildFile; fileRef = OBJ_9 /* AutomaticCardShuffler.swift */; };
		OBJ_56 /* Blackjack.swift in Sources */ = {isa = PBXBuildFile; fileRef = OBJ_10 /* Blackjack.swift */; };
		OBJ_57 /* BlackjackValue.swift in Sources */ = {isa = PBXBuildFile; fileRef = OBJ_11 /* BlackjackValue.swift */; };
		OBJ_58 /* Card+Extension.swift in Sources */ = {isa = PBXBuildFile; fileRef = OBJ_12 /* Card+Extension.swift */; };
		OBJ_59 /* CardShoe.swift in Sources */ = {isa = PBXBuildFile; fileRef = OBJ_13 /* CardShoe.swift */; };
		OBJ_60 /* ContinuousCardShuffler.swift in Sources */ = {isa = PBXBuildFile; fileRef = OBJ_14 /* ContinuousCardShuffler.swift */; };
		OBJ_61 /* DealerHand.swift in Sources */ = {isa = PBXBuildFile; fileRef = OBJ_15 /* DealerHand.swift */; };
		OBJ_62 /* Hand.swift in Sources */ = {isa = PBXBuildFile; fileRef = OBJ_16 /* Hand.swift */; };
		OBJ_63 /* HandOption.swift in Sources */ = {isa = PBXBuildFile; fileRef = OBJ_17 /* HandOption.swift */; };
		OBJ_64 /* HandOutcome.swift in Sources */ = {isa = PBXBuildFile; fileRef = OBJ_18 /* HandOutcome.swift */; };
		OBJ_65 /* PlayerHand.swift in Sources */ = {isa = PBXBuildFile; fileRef = OBJ_19 /* PlayerHand.swift */; };
		OBJ_67 /* Shuffling.framework in Frameworks */ = {isa = PBXBuildFile; fileRef = "Shuffling::Shuffling::Product" /* Shuffling.framework */; };
		OBJ_68 /* PlayingCards.framework in Frameworks */ = {isa = PBXBuildFile; fileRef = "PlayingCards::PlayingCards::Product" /* PlayingCards.framework */; };
		OBJ_78 /* Package.swift in Sources */ = {isa = PBXBuildFile; fileRef = OBJ_6 /* Package.swift */; };
		OBJ_89 /* AutomaticCardShufflerTests.swift in Sources */ = {isa = PBXBuildFile; fileRef = OBJ_22 /* AutomaticCardShufflerTests.swift */; };
		OBJ_90 /* CardShoeTests.swift in Sources */ = {isa = PBXBuildFile; fileRef = OBJ_23 /* CardShoeTests.swift */; };
		OBJ_91 /* ContinuousCardShufflerTests.swift in Sources */ = {isa = PBXBuildFile; fileRef = OBJ_24 /* ContinuousCardShufflerTests.swift */; };
		OBJ_92 /* DealerHandTests.swift in Sources */ = {isa = PBXBuildFile; fileRef = OBJ_25 /* DealerHandTests.swift */; };
		OBJ_93 /* PlayerHandTests.swift in Sources */ = {isa = PBXBuildFile; fileRef = OBJ_26 /* PlayerHandTests.swift */; };
		OBJ_94 /* ShufflerSpy.swift in Sources */ = {isa = PBXBuildFile; fileRef = OBJ_27 /* ShufflerSpy.swift */; };
		OBJ_96 /* Blackjack.framework in Frameworks */ = {isa = PBXBuildFile; fileRef = "Blackjack::Blackjack::Product" /* Blackjack.framework */; };
		OBJ_97 /* Shuffling.framework in Frameworks */ = {isa = PBXBuildFile; fileRef = "Shuffling::Shuffling::Product" /* Shuffling.framework */; };
		OBJ_98 /* PlayingCards.framework in Frameworks */ = {isa = PBXBuildFile; fileRef = "PlayingCards::PlayingCards::Product" /* PlayingCards.framework */; };
/* End PBXBuildFile section */

/* Begin PBXContainerItemProxy section */
		79896B7C225F7EE2007AD497 /* PBXContainerItemProxy */ = {
			isa = PBXContainerItemProxy;
			containerPortal = OBJ_1 /* Project object */;
			proxyType = 1;
			remoteGlobalIDString = "Shuffling::Shuffling";
			remoteInfo = Shuffling;
		};
		79896B7D225F7EE2007AD497 /* PBXContainerItemProxy */ = {
			isa = PBXContainerItemProxy;
			containerPortal = OBJ_1 /* Project object */;
			proxyType = 1;
			remoteGlobalIDString = "PlayingCards::PlayingCards";
			remoteInfo = PlayingCards;
		};
		79896B7E225F7EE2007AD497 /* PBXContainerItemProxy */ = {
			isa = PBXContainerItemProxy;
			containerPortal = OBJ_1 /* Project object */;
			proxyType = 1;
			remoteGlobalIDString = "Blackjack::Blackjack";
			remoteInfo = Blackjack;
		};
		79896B7F225F7EE2007AD497 /* PBXContainerItemProxy */ = {
			isa = PBXContainerItemProxy;
			containerPortal = OBJ_1 /* Project object */;
			proxyType = 1;
			remoteGlobalIDString = "Shuffling::Shuffling";
			remoteInfo = Shuffling;
		};
		79896B80225F7EE2007AD497 /* PBXContainerItemProxy */ = {
			isa = PBXContainerItemProxy;
			containerPortal = OBJ_1 /* Project object */;
			proxyType = 1;
			remoteGlobalIDString = "PlayingCards::PlayingCards";
			remoteInfo = PlayingCards;
		};
		79896B81225F7EE3007AD497 /* PBXContainerItemProxy */ = {
			isa = PBXContainerItemProxy;
			containerPortal = OBJ_1 /* Project object */;
			proxyType = 1;
			remoteGlobalIDString = "Blackjack::BlackjackTests";
			remoteInfo = BlackjackTests;
		};
/* End PBXContainerItemProxy section */

/* Begin PBXFileReference section */
		7911D377226A5B7B00922AA7 /* GameStateNavigatorImplTests.swift */ = {isa = PBXFileReference; lastKnownFileType = sourcecode.swift; path = GameStateNavigatorImplTests.swift; sourceTree = "<group>"; };
		7911D379226A66FF00922AA7 /* GameStateNavigator.swift */ = {isa = PBXFileReference; lastKnownFileType = sourcecode.swift; path = GameStateNavigator.swift; sourceTree = "<group>"; };
		795A26402264E8BD00C00886 /* HandComparisonTests.swift */ = {isa = PBXFileReference; lastKnownFileType = sourcecode.swift; path = HandComparisonTests.swift; sourceTree = "<group>"; };
		7967A21A226DE41300861EDF /* Hand+Extension.swift */ = {isa = PBXFileReference; lastKnownFileType = sourcecode.swift; path = "Hand+Extension.swift"; sourceTree = "<group>"; };
		7967A21D226DE88B00861EDF /* Dealer.swift */ = {isa = PBXFileReference; lastKnownFileType = sourcecode.swift; path = Dealer.swift; sourceTree = "<group>"; };
		7967A21F226E2EC700861EDF /* DealerSpy.swift */ = {isa = PBXFileReference; lastKnownFileType = sourcecode.swift; path = DealerSpy.swift; sourceTree = "<group>"; };
		7967A221226E59C300861EDF /* DealerTests.swift */ = {isa = PBXFileReference; lastKnownFileType = sourcecode.swift; path = DealerTests.swift; sourceTree = "<group>"; };
		7967A223226E59D200861EDF /* PlayerTests.swift */ = {isa = PBXFileReference; lastKnownFileType = sourcecode.swift; path = PlayerTests.swift; sourceTree = "<group>"; };
		799E87CF2278DCEB000276A4 /* GameOutcomeDelegateSpy.swift */ = {isa = PBXFileReference; lastKnownFileType = sourcecode.swift; path = GameOutcomeDelegateSpy.swift; sourceTree = "<group>"; };
		79BF5A9C22662FF60027FEED /* Chip.swift */ = {isa = PBXFileReference; lastKnownFileType = sourcecode.swift; path = Chip.swift; sourceTree = "<group>"; };
		79BF5A9E226634450027FEED /* Player.swift */ = {isa = PBXFileReference; lastKnownFileType = sourcecode.swift; path = Player.swift; sourceTree = "<group>"; };
		79BF5AA02266348F0027FEED /* Game.swift */ = {isa = PBXFileReference; lastKnownFileType = sourcecode.swift; path = Game.swift; sourceTree = "<group>"; };
		79BF5AA52268A0A10027FEED /* GameImplTests.swift */ = {isa = PBXFileReference; lastKnownFileType = sourcecode.swift; path = GameImplTests.swift; sourceTree = "<group>"; };
		79BF5AA7226A3F8D0027FEED /* CardShoeSpy.swift */ = {isa = PBXFileReference; lastKnownFileType = sourcecode.swift; path = CardShoeSpy.swift; sourceTree = "<group>"; };
		79BF5AA9226A3F9C0027FEED /* PlayerSpy.swift */ = {isa = PBXFileReference; lastKnownFileType = sourcecode.swift; path = PlayerSpy.swift; sourceTree = "<group>"; };
		79BF5AAB226A3FB10027FEED /* GameStateNavigatorSpy.swift */ = {isa = PBXFileReference; lastKnownFileType = sourcecode.swift; path = GameStateNavigatorSpy.swift; sourceTree = "<group>"; };
		79BF5AAD226A3FFF0027FEED /* Card+Extension.swift */ = {isa = PBXFileReference; lastKnownFileType = sourcecode.swift; path = "Card+Extension.swift"; sourceTree = "<group>"; };
		"Blackjack::Blackjack::Product" /* Blackjack.framework */ = {isa = PBXFileReference; explicitFileType = wrapper.framework; path = Blackjack.framework; sourceTree = BUILT_PRODUCTS_DIR; };
		"Blackjack::BlackjackTests::Product" /* BlackjackTests.xctest */ = {isa = PBXFileReference; explicitFileType = wrapper.cfbundle; path = BlackjackTests.xctest; sourceTree = BUILT_PRODUCTS_DIR; };
		OBJ_10 /* Blackjack.swift */ = {isa = PBXFileReference; lastKnownFileType = sourcecode.swift; path = Blackjack.swift; sourceTree = "<group>"; };
		OBJ_11 /* BlackjackValue.swift */ = {isa = PBXFileReference; lastKnownFileType = sourcecode.swift; path = BlackjackValue.swift; sourceTree = "<group>"; };
		OBJ_12 /* Card+Extension.swift */ = {isa = PBXFileReference; lastKnownFileType = sourcecode.swift; path = "Card+Extension.swift"; sourceTree = "<group>"; };
		OBJ_13 /* CardShoe.swift */ = {isa = PBXFileReference; lastKnownFileType = sourcecode.swift; path = CardShoe.swift; sourceTree = "<group>"; };
		OBJ_14 /* ContinuousCardShuffler.swift */ = {isa = PBXFileReference; lastKnownFileType = sourcecode.swift; path = ContinuousCardShuffler.swift; sourceTree = "<group>"; };
		OBJ_15 /* DealerHand.swift */ = {isa = PBXFileReference; lastKnownFileType = sourcecode.swift; path = DealerHand.swift; sourceTree = "<group>"; };
		OBJ_16 /* Hand.swift */ = {isa = PBXFileReference; lastKnownFileType = sourcecode.swift; path = Hand.swift; sourceTree = "<group>"; };
		OBJ_17 /* HandOption.swift */ = {isa = PBXFileReference; lastKnownFileType = sourcecode.swift; path = HandOption.swift; sourceTree = "<group>"; };
		OBJ_18 /* HandOutcome.swift */ = {isa = PBXFileReference; lastKnownFileType = sourcecode.swift; path = HandOutcome.swift; sourceTree = "<group>"; };
		OBJ_19 /* PlayerHand.swift */ = {isa = PBXFileReference; lastKnownFileType = sourcecode.swift; path = PlayerHand.swift; sourceTree = "<group>"; };
		OBJ_22 /* AutomaticCardShufflerTests.swift */ = {isa = PBXFileReference; lastKnownFileType = sourcecode.swift; path = AutomaticCardShufflerTests.swift; sourceTree = "<group>"; };
		OBJ_23 /* CardShoeTests.swift */ = {isa = PBXFileReference; lastKnownFileType = sourcecode.swift; path = CardShoeTests.swift; sourceTree = "<group>"; };
		OBJ_24 /* ContinuousCardShufflerTests.swift */ = {isa = PBXFileReference; lastKnownFileType = sourcecode.swift; path = ContinuousCardShufflerTests.swift; sourceTree = "<group>"; };
		OBJ_25 /* DealerHandTests.swift */ = {isa = PBXFileReference; lastKnownFileType = sourcecode.swift; path = DealerHandTests.swift; sourceTree = "<group>"; };
		OBJ_26 /* PlayerHandTests.swift */ = {isa = PBXFileReference; lastKnownFileType = sourcecode.swift; path = PlayerHandTests.swift; sourceTree = "<group>"; };
		OBJ_27 /* ShufflerSpy.swift */ = {isa = PBXFileReference; lastKnownFileType = sourcecode.swift; path = ShufflerSpy.swift; sourceTree = "<group>"; };
		OBJ_31 /* Shuffler.swift */ = {isa = PBXFileReference; lastKnownFileType = sourcecode.swift; path = Shuffler.swift; sourceTree = "<group>"; };
		OBJ_32 /* StandardRandomNumberGenerator.swift */ = {isa = PBXFileReference; lastKnownFileType = sourcecode.swift; path = StandardRandomNumberGenerator.swift; sourceTree = "<group>"; };
		OBJ_33 /* Package.swift */ = {isa = PBXFileReference; explicitFileType = sourcecode.swift; name = Package.swift; path = /Users/maciejpiotrowski/Developer/Blackjack/Blackjack/.build/checkouts/Shuffling/Package.swift; sourceTree = "<group>"; };
		OBJ_36 /* Card.swift */ = {isa = PBXFileReference; lastKnownFileType = sourcecode.swift; path = Card.swift; sourceTree = "<group>"; };
		OBJ_37 /* Deck.swift */ = {isa = PBXFileReference; lastKnownFileType = sourcecode.swift; path = Deck.swift; sourceTree = "<group>"; };
		OBJ_38 /* Rank.swift */ = {isa = PBXFileReference; lastKnownFileType = sourcecode.swift; path = Rank.swift; sourceTree = "<group>"; };
		OBJ_39 /* Suit.swift */ = {isa = PBXFileReference; lastKnownFileType = sourcecode.swift; path = Suit.swift; sourceTree = "<group>"; };
		OBJ_40 /* Package.swift */ = {isa = PBXFileReference; explicitFileType = sourcecode.swift; name = Package.swift; path = /Users/maciejpiotrowski/Developer/Blackjack/Blackjack/.build/checkouts/PlayingCards/Package.swift; sourceTree = "<group>"; };
		OBJ_46 /* fastlane */ = {isa = PBXFileReference; lastKnownFileType = folder; path = fastlane; sourceTree = SOURCE_ROOT; };
		OBJ_47 /* Guardfile */ = {isa = PBXFileReference; lastKnownFileType = text; path = Guardfile; sourceTree = "<group>"; };
		OBJ_48 /* README.md */ = {isa = PBXFileReference; lastKnownFileType = net.daringfireball.markdown; path = README.md; sourceTree = "<group>"; };
		OBJ_49 /* Gemfile */ = {isa = PBXFileReference; lastKnownFileType = text; path = Gemfile; sourceTree = "<group>"; };
		OBJ_6 /* Package.swift */ = {isa = PBXFileReference; explicitFileType = sourcecode.swift; path = Package.swift; sourceTree = "<group>"; };
		OBJ_9 /* AutomaticCardShuffler.swift */ = {isa = PBXFileReference; lastKnownFileType = sourcecode.swift; path = AutomaticCardShuffler.swift; sourceTree = "<group>"; };
		"PlayingCards::PlayingCards::Product" /* PlayingCards.framework */ = {isa = PBXFileReference; explicitFileType = wrapper.framework; path = PlayingCards.framework; sourceTree = BUILT_PRODUCTS_DIR; };
		"Shuffling::Shuffling::Product" /* Shuffling.framework */ = {isa = PBXFileReference; explicitFileType = wrapper.framework; path = Shuffling.framework; sourceTree = BUILT_PRODUCTS_DIR; };
/* End PBXFileReference section */

/* Begin PBXFrameworksBuildPhase section */
		OBJ_110 /* Frameworks */ = {
			isa = PBXFrameworksBuildPhase;
			buildActionMask = 0;
			files = (
			);
			runOnlyForDeploymentPostprocessing = 0;
		};
		OBJ_123 /* Frameworks */ = {
			isa = PBXFrameworksBuildPhase;
			buildActionMask = 0;
			files = (
			);
			runOnlyForDeploymentPostprocessing = 0;
		};
		OBJ_66 /* Frameworks */ = {
			isa = PBXFrameworksBuildPhase;
			buildActionMask = 0;
			files = (
				OBJ_67 /* Shuffling.framework in Frameworks */,
				OBJ_68 /* PlayingCards.framework in Frameworks */,
			);
			runOnlyForDeploymentPostprocessing = 0;
		};
		OBJ_95 /* Frameworks */ = {
			isa = PBXFrameworksBuildPhase;
			buildActionMask = 0;
			files = (
				OBJ_96 /* Blackjack.framework in Frameworks */,
				OBJ_97 /* Shuffling.framework in Frameworks */,
				OBJ_98 /* PlayingCards.framework in Frameworks */,
			);
			runOnlyForDeploymentPostprocessing = 0;
		};
/* End PBXFrameworksBuildPhase section */

/* Begin PBXGroup section */
		7967A225226E5A5A00861EDF /* Spies */ = {
			isa = PBXGroup;
			children = (
				OBJ_27 /* ShufflerSpy.swift */,
				79BF5AA7226A3F8D0027FEED /* CardShoeSpy.swift */,
				79BF5AA9226A3F9C0027FEED /* PlayerSpy.swift */,
				7967A21F226E2EC700861EDF /* DealerSpy.swift */,
				79BF5AAB226A3FB10027FEED /* GameStateNavigatorSpy.swift */,
				799E87CF2278DCEB000276A4 /* GameOutcomeDelegateSpy.swift */,
			);
			path = Spies;
			sourceTree = "<group>";
		};
		79BF5AA2226639770027FEED /* Card Shoe */ = {
			isa = PBXGroup;
			children = (
				OBJ_13 /* CardShoe.swift */,
				OBJ_9 /* AutomaticCardShuffler.swift */,
				OBJ_14 /* ContinuousCardShuffler.swift */,
			);
			name = "Card Shoe";
			sourceTree = "<group>";
		};
		79BF5AA32266399E0027FEED /* Game Elements */ = {
			isa = PBXGroup;
			children = (
				79BF5A9C22662FF60027FEED /* Chip.swift */,
				OBJ_11 /* BlackjackValue.swift */,
				OBJ_12 /* Card+Extension.swift */,
				OBJ_17 /* HandOption.swift */,
				OBJ_18 /* HandOutcome.swift */,
			);
			name = "Game Elements";
			sourceTree = "<group>";
		};
		79BF5AA4226639AA0027FEED /* Hand */ = {
			isa = PBXGroup;
			children = (
				OBJ_16 /* Hand.swift */,
				OBJ_19 /* PlayerHand.swift */,
				OBJ_15 /* DealerHand.swift */,
			);
			name = Hand;
			sourceTree = "<group>";
		};
		OBJ_20 /* Tests */ = {
			isa = PBXGroup;
			children = (
				OBJ_21 /* BlackjackTests */,
			);
			name = Tests;
			sourceTree = SOURCE_ROOT;
		};
		OBJ_21 /* BlackjackTests */ = {
			isa = PBXGroup;
			children = (
				OBJ_22 /* AutomaticCardShufflerTests.swift */,
				OBJ_23 /* CardShoeTests.swift */,
				OBJ_24 /* ContinuousCardShufflerTests.swift */,
				OBJ_25 /* DealerHandTests.swift */,
				OBJ_26 /* PlayerHandTests.swift */,
				7967A221226E59C300861EDF /* DealerTests.swift */,
				7967A223226E59D200861EDF /* PlayerTests.swift */,
				795A26402264E8BD00C00886 /* HandComparisonTests.swift */,
				79BF5AA52268A0A10027FEED /* GameImplTests.swift */,
				7911D377226A5B7B00922AA7 /* GameStateNavigatorImplTests.swift */,
				7967A225226E5A5A00861EDF /* Spies */,
				79BF5AAD226A3FFF0027FEED /* Card+Extension.swift */,
				7967A21A226DE41300861EDF /* Hand+Extension.swift */,
			);
			name = BlackjackTests;
			path = Tests/BlackjackTests;
			sourceTree = SOURCE_ROOT;
		};
		OBJ_28 /* Dependencies */ = {
			isa = PBXGroup;
			children = (
				OBJ_29 /* Shuffling 0.0.4 */,
				OBJ_34 /* PlayingCards 0.0.6 */,
			);
			name = Dependencies;
			sourceTree = "<group>";
		};
		OBJ_29 /* Shuffling 0.0.4 */ = {
			isa = PBXGroup;
			children = (
				OBJ_30 /* Shuffling */,
				OBJ_33 /* Package.swift */,
			);
			name = "Shuffling 0.0.4";
			sourceTree = SOURCE_ROOT;
		};
		OBJ_30 /* Shuffling */ = {
			isa = PBXGroup;
			children = (
				OBJ_31 /* Shuffler.swift */,
				OBJ_32 /* StandardRandomNumberGenerator.swift */,
			);
			name = Shuffling;
			path = .build/checkouts/Shuffling/Sources/Shuffling;
			sourceTree = SOURCE_ROOT;
		};
		OBJ_34 /* PlayingCards 0.0.6 */ = {
			isa = PBXGroup;
			children = (
				OBJ_35 /* PlayingCards */,
				OBJ_40 /* Package.swift */,
			);
			name = "PlayingCards 0.0.6";
			sourceTree = SOURCE_ROOT;
		};
		OBJ_35 /* PlayingCards */ = {
			isa = PBXGroup;
			children = (
				OBJ_36 /* Card.swift */,
				OBJ_37 /* Deck.swift */,
				OBJ_38 /* Rank.swift */,
				OBJ_39 /* Suit.swift */,
			);
			name = PlayingCards;
			path = .build/checkouts/PlayingCards/Sources/PlayingCards;
			sourceTree = SOURCE_ROOT;
		};
		OBJ_41 /* Products */ = {
			isa = PBXGroup;
			children = (
				"Blackjack::BlackjackTests::Product" /* BlackjackTests.xctest */,
				"Shuffling::Shuffling::Product" /* Shuffling.framework */,
				"PlayingCards::PlayingCards::Product" /* PlayingCards.framework */,
				"Blackjack::Blackjack::Product" /* Blackjack.framework */,
			);
			name = Products;
			sourceTree = BUILT_PRODUCTS_DIR;
		};
		OBJ_5 = {
			isa = PBXGroup;
			children = (
				OBJ_6 /* Package.swift */,
				OBJ_7 /* Sources */,
				OBJ_20 /* Tests */,
				OBJ_28 /* Dependencies */,
				OBJ_41 /* Products */,
				OBJ_46 /* fastlane */,
				OBJ_47 /* Guardfile */,
				OBJ_48 /* README.md */,
				OBJ_49 /* Gemfile */,
			);
			sourceTree = "<group>";
		};
		OBJ_7 /* Sources */ = {
			isa = PBXGroup;
			children = (
				OBJ_8 /* Blackjack */,
			);
			name = Sources;
			sourceTree = SOURCE_ROOT;
		};
		OBJ_8 /* Blackjack */ = {
			isa = PBXGroup;
			children = (
				OBJ_10 /* Blackjack.swift */,
				79BF5AA02266348F0027FEED /* Game.swift */,
				7911D379226A66FF00922AA7 /* GameStateNavigator.swift */,
				79BF5A9E226634450027FEED /* Player.swift */,
				7967A21D226DE88B00861EDF /* Dealer.swift */,
				79BF5AA2226639770027FEED /* Card Shoe */,
				79BF5AA32266399E0027FEED /* Game Elements */,
				79BF5AA4226639AA0027FEED /* Hand */,
			);
			name = Blackjack;
			path = Sources/Blackjack;
			sourceTree = SOURCE_ROOT;
		};
/* End PBXGroup section */

/* Begin PBXNativeTarget section */
		"Blackjack::Blackjack" /* Blackjack */ = {
			isa = PBXNativeTarget;
			buildConfigurationList = OBJ_51 /* Build configuration list for PBXNativeTarget "Blackjack" */;
			buildPhases = (
				OBJ_54 /* Sources */,
				OBJ_66 /* Frameworks */,
			);
			buildRules = (
			);
			dependencies = (
				OBJ_69 /* PBXTargetDependency */,
				OBJ_71 /* PBXTargetDependency */,
			);
			name = Blackjack;
			productName = Blackjack;
			productReference = "Blackjack::Blackjack::Product" /* Blackjack.framework */;
			productType = "com.apple.product-type.framework";
		};
		"Blackjack::BlackjackTests" /* BlackjackTests */ = {
			isa = PBXNativeTarget;
			buildConfigurationList = OBJ_85 /* Build configuration list for PBXNativeTarget "BlackjackTests" */;
			buildPhases = (
				OBJ_88 /* Sources */,
				OBJ_95 /* Frameworks */,
			);
			buildRules = (
			);
			dependencies = (
				OBJ_99 /* PBXTargetDependency */,
				OBJ_100 /* PBXTargetDependency */,
				OBJ_101 /* PBXTargetDependency */,
			);
			name = BlackjackTests;
			productName = BlackjackTests;
			productReference = "Blackjack::BlackjackTests::Product" /* BlackjackTests.xctest */;
			productType = "com.apple.product-type.bundle.unit-test";
		};
		"Blackjack::SwiftPMPackageDescription" /* BlackjackPackageDescription */ = {
			isa = PBXNativeTarget;
			buildConfigurationList = OBJ_74 /* Build configuration list for PBXNativeTarget "BlackjackPackageDescription" */;
			buildPhases = (
				OBJ_77 /* Sources */,
			);
			buildRules = (
			);
			dependencies = (
			);
			name = BlackjackPackageDescription;
			productName = BlackjackPackageDescription;
			productType = "com.apple.product-type.framework";
		};
		"PlayingCards::PlayingCards" /* PlayingCards */ = {
			isa = PBXNativeTarget;
			buildConfigurationList = OBJ_102 /* Build configuration list for PBXNativeTarget "PlayingCards" */;
			buildPhases = (
				OBJ_105 /* Sources */,
				OBJ_110 /* Frameworks */,
			);
			buildRules = (
			);
			dependencies = (
			);
			name = PlayingCards;
			productName = PlayingCards;
			productReference = "PlayingCards::PlayingCards::Product" /* PlayingCards.framework */;
			productType = "com.apple.product-type.framework";
		};
		"PlayingCards::SwiftPMPackageDescription" /* PlayingCardsPackageDescription */ = {
			isa = PBXNativeTarget;
			buildConfigurationList = OBJ_112 /* Build configuration list for PBXNativeTarget "PlayingCardsPackageDescription" */;
			buildPhases = (
				OBJ_115 /* Sources */,
			);
			buildRules = (
			);
			dependencies = (
			);
			name = PlayingCardsPackageDescription;
			productName = PlayingCardsPackageDescription;
			productType = "com.apple.product-type.framework";
		};
		"Shuffling::Shuffling" /* Shuffling */ = {
			isa = PBXNativeTarget;
			buildConfigurationList = OBJ_117 /* Build configuration list for PBXNativeTarget "Shuffling" */;
			buildPhases = (
				OBJ_120 /* Sources */,
				OBJ_123 /* Frameworks */,
			);
			buildRules = (
			);
			dependencies = (
			);
			name = Shuffling;
			productName = Shuffling;
			productReference = "Shuffling::Shuffling::Product" /* Shuffling.framework */;
			productType = "com.apple.product-type.framework";
		};
		"Shuffling::SwiftPMPackageDescription" /* ShufflingPackageDescription */ = {
			isa = PBXNativeTarget;
			buildConfigurationList = OBJ_125 /* Build configuration list for PBXNativeTarget "ShufflingPackageDescription" */;
			buildPhases = (
				OBJ_128 /* Sources */,
			);
			buildRules = (
			);
			dependencies = (
			);
			name = ShufflingPackageDescription;
			productName = ShufflingPackageDescription;
			productType = "com.apple.product-type.framework";
		};
/* End PBXNativeTarget section */

/* Begin PBXProject section */
		OBJ_1 /* Project object */ = {
			isa = PBXProject;
			attributes = {
				LastSwiftMigration = 9999;
				LastUpgradeCheck = 9999;
			};
			buildConfigurationList = OBJ_2 /* Build configuration list for PBXProject "Blackjack" */;
			compatibilityVersion = "Xcode 3.2";
			developmentRegion = English;
			hasScannedForEncodings = 0;
			knownRegions = (
				English,
				en,
			);
			mainGroup = OBJ_5;
			productRefGroup = OBJ_41 /* Products */;
			projectDirPath = "";
			projectRoot = "";
			targets = (
				"Blackjack::Blackjack" /* Blackjack */,
				"Blackjack::SwiftPMPackageDescription" /* BlackjackPackageDescription */,
				"Blackjack::BlackjackPackageTests::ProductTarget" /* BlackjackPackageTests */,
				"Blackjack::BlackjackTests" /* BlackjackTests */,
				"PlayingCards::PlayingCards" /* PlayingCards */,
				"PlayingCards::SwiftPMPackageDescription" /* PlayingCardsPackageDescription */,
				"Shuffling::Shuffling" /* Shuffling */,
				"Shuffling::SwiftPMPackageDescription" /* ShufflingPackageDescription */,
			);
		};
/* End PBXProject section */

/* Begin PBXSourcesBuildPhase section */
		OBJ_105 /* Sources */ = {
			isa = PBXSourcesBuildPhase;
			buildActionMask = 0;
			files = (
				OBJ_106 /* Card.swift in Sources */,
				OBJ_107 /* Deck.swift in Sources */,
				OBJ_108 /* Rank.swift in Sources */,
				OBJ_109 /* Suit.swift in Sources */,
			);
			runOnlyForDeploymentPostprocessing = 0;
		};
		OBJ_115 /* Sources */ = {
			isa = PBXSourcesBuildPhase;
			buildActionMask = 0;
			files = (
				OBJ_116 /* Package.swift in Sources */,
			);
			runOnlyForDeploymentPostprocessing = 0;
		};
		OBJ_120 /* Sources */ = {
			isa = PBXSourcesBuildPhase;
			buildActionMask = 0;
			files = (
				OBJ_121 /* Shuffler.swift in Sources */,
				OBJ_122 /* StandardRandomNumberGenerator.swift in Sources */,
			);
			runOnlyForDeploymentPostprocessing = 0;
		};
		OBJ_128 /* Sources */ = {
			isa = PBXSourcesBuildPhase;
			buildActionMask = 0;
			files = (
				OBJ_129 /* Package.swift in Sources */,
			);
			runOnlyForDeploymentPostprocessing = 0;
		};
		OBJ_54 /* Sources */ = {
			isa = PBXSourcesBuildPhase;
			buildActionMask = 0;
			files = (
				OBJ_55 /* AutomaticCardShuffler.swift in Sources */,
				79BF5A9D22662FF60027FEED /* Chip.swift in Sources */,
				OBJ_56 /* Blackjack.swift in Sources */,
				OBJ_57 /* BlackjackValue.swift in Sources */,
				7967A21E226DE88B00861EDF /* Dealer.swift in Sources */,
				OBJ_58 /* Card+Extension.swift in Sources */,
				79BF5A9F226634450027FEED /* Player.swift in Sources */,
				OBJ_59 /* CardShoe.swift in Sources */,
				OBJ_60 /* ContinuousCardShuffler.swift in Sources */,
				OBJ_61 /* DealerHand.swift in Sources */,
				79BF5AA12266348F0027FEED /* Game.swift in Sources */,
				7911D37A226A66FF00922AA7 /* GameStateNavigator.swift in Sources */,
				OBJ_62 /* Hand.swift in Sources */,
				OBJ_63 /* HandOption.swift in Sources */,
				OBJ_64 /* HandOutcome.swift in Sources */,
				OBJ_65 /* PlayerHand.swift in Sources */,
			);
			runOnlyForDeploymentPostprocessing = 0;
		};
		OBJ_77 /* Sources */ = {
			isa = PBXSourcesBuildPhase;
			buildActionMask = 0;
			files = (
				OBJ_78 /* Package.swift in Sources */,
			);
			runOnlyForDeploymentPostprocessing = 0;
		};
		OBJ_88 /* Sources */ = {
			isa = PBXSourcesBuildPhase;
			buildActionMask = 0;
			files = (
				OBJ_89 /* AutomaticCardShufflerTests.swift in Sources */,
				OBJ_90 /* CardShoeTests.swift in Sources */,
				OBJ_91 /* ContinuousCardShufflerTests.swift in Sources */,
				79BF5AAC226A3FB10027FEED /* GameStateNavigatorSpy.swift in Sources */,
				795A26412264E8BD00C00886 /* HandComparisonTests.swift in Sources */,
				79BF5AAE226A3FFF0027FEED /* Card+Extension.swift in Sources */,
				799E87D02278DCEB000276A4 /* GameOutcomeDelegateSpy.swift in Sources */,
				OBJ_92 /* DealerHandTests.swift in Sources */,
				7967A220226E2EC700861EDF /* DealerSpy.swift in Sources */,
				79BF5AA62268A0A10027FEED /* GameImplTests.swift in Sources */,
				79BF5AA8226A3F8D0027FEED /* CardShoeSpy.swift in Sources */,
				7967A21C226DE41800861EDF /* Hand+Extension.swift in Sources */,
				7911D378226A5B7B00922AA7 /* GameStateNavigatorImplTests.swift in Sources */,
				7967A222226E59C300861EDF /* DealerTests.swift in Sources */,
				OBJ_93 /* PlayerHandTests.swift in Sources */,
				7967A224226E59D200861EDF /* PlayerTests.swift in Sources */,
				OBJ_94 /* ShufflerSpy.swift in Sources */,
				79BF5AAA226A3F9C0027FEED /* PlayerSpy.swift in Sources */,
			);
			runOnlyForDeploymentPostprocessing = 0;
		};
/* End PBXSourcesBuildPhase section */

/* Begin PBXTargetDependency section */
		OBJ_100 /* PBXTargetDependency */ = {
			isa = PBXTargetDependency;
			target = "Shuffling::Shuffling" /* Shuffling */;
			targetProxy = 79896B7F225F7EE2007AD497 /* PBXContainerItemProxy */;
		};
		OBJ_101 /* PBXTargetDependency */ = {
			isa = PBXTargetDependency;
			target = "PlayingCards::PlayingCards" /* PlayingCards */;
			targetProxy = 79896B80225F7EE2007AD497 /* PBXContainerItemProxy */;
		};
		OBJ_69 /* PBXTargetDependency */ = {
			isa = PBXTargetDependency;
			target = "Shuffling::Shuffling" /* Shuffling */;
			targetProxy = 79896B7C225F7EE2007AD497 /* PBXContainerItemProxy */;
		};
		OBJ_71 /* PBXTargetDependency */ = {
			isa = PBXTargetDependency;
			target = "PlayingCards::PlayingCards" /* PlayingCards */;
			targetProxy = 79896B7D225F7EE2007AD497 /* PBXContainerItemProxy */;
		};
		OBJ_83 /* PBXTargetDependency */ = {
			isa = PBXTargetDependency;
			target = "Blackjack::BlackjackTests" /* BlackjackTests */;
			targetProxy = 79896B81225F7EE3007AD497 /* PBXContainerItemProxy */;
		};
		OBJ_99 /* PBXTargetDependency */ = {
			isa = PBXTargetDependency;
			target = "Blackjack::Blackjack" /* Blackjack */;
			targetProxy = 79896B7E225F7EE2007AD497 /* PBXContainerItemProxy */;
		};
/* End PBXTargetDependency section */

/* Begin XCBuildConfiguration section */
		OBJ_103 /* Debug */ = {
			isa = XCBuildConfiguration;
			buildSettings = {
				ENABLE_TESTABILITY = YES;
				FRAMEWORK_SEARCH_PATHS = (
					"$(inherited)",
					"$(PLATFORM_DIR)/Developer/Library/Frameworks",
				);
				HEADER_SEARCH_PATHS = "$(inherited)";
				INFOPLIST_FILE = Blackjack.xcodeproj/PlayingCards_Info.plist;
				LD_RUNPATH_SEARCH_PATHS = "$(inherited) $(TOOLCHAIN_DIR)/usr/lib/swift/macosx";
				OTHER_CFLAGS = "$(inherited)";
				OTHER_LDFLAGS = "$(inherited)";
				OTHER_SWIFT_FLAGS = "$(inherited)";
				PRODUCT_BUNDLE_IDENTIFIER = PlayingCards;
				PRODUCT_MODULE_NAME = "$(TARGET_NAME:c99extidentifier)";
				PRODUCT_NAME = "$(TARGET_NAME:c99extidentifier)";
				SKIP_INSTALL = YES;
				SWIFT_ACTIVE_COMPILATION_CONDITIONS = "$(inherited)";
				SWIFT_VERSION = 5.0;
				TARGET_NAME = PlayingCards;
			};
			name = Debug;
		};
		OBJ_104 /* Release */ = {
			isa = XCBuildConfiguration;
			buildSettings = {
				ENABLE_TESTABILITY = YES;
				FRAMEWORK_SEARCH_PATHS = (
					"$(inherited)",
					"$(PLATFORM_DIR)/Developer/Library/Frameworks",
				);
				HEADER_SEARCH_PATHS = "$(inherited)";
				INFOPLIST_FILE = Blackjack.xcodeproj/PlayingCards_Info.plist;
				LD_RUNPATH_SEARCH_PATHS = "$(inherited) $(TOOLCHAIN_DIR)/usr/lib/swift/macosx";
				OTHER_CFLAGS = "$(inherited)";
				OTHER_LDFLAGS = "$(inherited)";
				OTHER_SWIFT_FLAGS = "$(inherited)";
				PRODUCT_BUNDLE_IDENTIFIER = PlayingCards;
				PRODUCT_MODULE_NAME = "$(TARGET_NAME:c99extidentifier)";
				PRODUCT_NAME = "$(TARGET_NAME:c99extidentifier)";
				SKIP_INSTALL = YES;
				SWIFT_ACTIVE_COMPILATION_CONDITIONS = "$(inherited)";
				SWIFT_VERSION = 5.0;
				TARGET_NAME = PlayingCards;
			};
			name = Release;
		};
		OBJ_113 /* Debug */ = {
			isa = XCBuildConfiguration;
			buildSettings = {
				LD = /usr/bin/true;
				OTHER_SWIFT_FLAGS = "-swift-version 4.2 -I $(TOOLCHAIN_DIR)/usr/lib/swift/pm/4_2 -target x86_64-apple-macosx10.10 -sdk /Applications/Xcode.app/Contents/Developer/Platforms/MacOSX.platform/Developer/SDKs/MacOSX10.14.sdk";
				SWIFT_VERSION = 5.0;
			};
			name = Debug;
		};
		OBJ_114 /* Release */ = {
			isa = XCBuildConfiguration;
			buildSettings = {
				LD = /usr/bin/true;
				OTHER_SWIFT_FLAGS = "-swift-version 4.2 -I $(TOOLCHAIN_DIR)/usr/lib/swift/pm/4_2 -target x86_64-apple-macosx10.10 -sdk /Applications/Xcode.app/Contents/Developer/Platforms/MacOSX.platform/Developer/SDKs/MacOSX10.14.sdk";
				SWIFT_VERSION = 5.0;
			};
			name = Release;
		};
		OBJ_118 /* Debug */ = {
			isa = XCBuildConfiguration;
			buildSettings = {
				ENABLE_TESTABILITY = YES;
				FRAMEWORK_SEARCH_PATHS = (
					"$(inherited)",
					"$(PLATFORM_DIR)/Developer/Library/Frameworks",
				);
				HEADER_SEARCH_PATHS = "$(inherited)";
				INFOPLIST_FILE = Blackjack.xcodeproj/Shuffling_Info.plist;
				LD_RUNPATH_SEARCH_PATHS = "$(inherited) $(TOOLCHAIN_DIR)/usr/lib/swift/macosx";
				OTHER_CFLAGS = "$(inherited)";
				OTHER_LDFLAGS = "$(inherited)";
				OTHER_SWIFT_FLAGS = "$(inherited)";
				PRODUCT_BUNDLE_IDENTIFIER = Shuffling;
				PRODUCT_MODULE_NAME = "$(TARGET_NAME:c99extidentifier)";
				PRODUCT_NAME = "$(TARGET_NAME:c99extidentifier)";
				SKIP_INSTALL = YES;
				SWIFT_ACTIVE_COMPILATION_CONDITIONS = "$(inherited)";
				SWIFT_VERSION = 5.0;
				TARGET_NAME = Shuffling;
			};
			name = Debug;
		};
		OBJ_119 /* Release */ = {
			isa = XCBuildConfiguration;
			buildSettings = {
				ENABLE_TESTABILITY = YES;
				FRAMEWORK_SEARCH_PATHS = (
					"$(inherited)",
					"$(PLATFORM_DIR)/Developer/Library/Frameworks",
				);
				HEADER_SEARCH_PATHS = "$(inherited)";
				INFOPLIST_FILE = Blackjack.xcodeproj/Shuffling_Info.plist;
				LD_RUNPATH_SEARCH_PATHS = "$(inherited) $(TOOLCHAIN_DIR)/usr/lib/swift/macosx";
				OTHER_CFLAGS = "$(inherited)";
				OTHER_LDFLAGS = "$(inherited)";
				OTHER_SWIFT_FLAGS = "$(inherited)";
				PRODUCT_BUNDLE_IDENTIFIER = Shuffling;
				PRODUCT_MODULE_NAME = "$(TARGET_NAME:c99extidentifier)";
				PRODUCT_NAME = "$(TARGET_NAME:c99extidentifier)";
				SKIP_INSTALL = YES;
				SWIFT_ACTIVE_COMPILATION_CONDITIONS = "$(inherited)";
				SWIFT_VERSION = 5.0;
				TARGET_NAME = Shuffling;
			};
			name = Release;
		};
		OBJ_126 /* Debug */ = {
			isa = XCBuildConfiguration;
			buildSettings = {
				LD = /usr/bin/true;
				OTHER_SWIFT_FLAGS = "-swift-version 4.2 -I $(TOOLCHAIN_DIR)/usr/lib/swift/pm/4_2 -target x86_64-apple-macosx10.10 -sdk /Applications/Xcode.app/Contents/Developer/Platforms/MacOSX.platform/Developer/SDKs/MacOSX10.14.sdk";
				SWIFT_VERSION = 5.0;
			};
			name = Debug;
		};
		OBJ_127 /* Release */ = {
			isa = XCBuildConfiguration;
			buildSettings = {
				LD = /usr/bin/true;
				OTHER_SWIFT_FLAGS = "-swift-version 4.2 -I $(TOOLCHAIN_DIR)/usr/lib/swift/pm/4_2 -target x86_64-apple-macosx10.10 -sdk /Applications/Xcode.app/Contents/Developer/Platforms/MacOSX.platform/Developer/SDKs/MacOSX10.14.sdk";
				SWIFT_VERSION = 5.0;
			};
			name = Release;
		};
		OBJ_3 /* Debug */ = {
			isa = XCBuildConfiguration;
			buildSettings = {
				CLANG_ENABLE_OBJC_ARC = YES;
				COMBINE_HIDPI_IMAGES = YES;
				COPY_PHASE_STRIP = NO;
				DEBUG_INFORMATION_FORMAT = dwarf;
				DYLIB_INSTALL_NAME_BASE = "@rpath";
				ENABLE_NS_ASSERTIONS = YES;
				GCC_OPTIMIZATION_LEVEL = 0;
				GCC_PREPROCESSOR_DEFINITIONS = (
					"$(inherited)",
					"SWIFT_PACKAGE=1",
					"DEBUG=1",
				);
				MACOSX_DEPLOYMENT_TARGET = 10.10;
				ONLY_ACTIVE_ARCH = YES;
				OTHER_SWIFT_FLAGS = "-DXcode";
				PRODUCT_NAME = "$(TARGET_NAME)";
				SDKROOT = macosx;
				SUPPORTED_PLATFORMS = "macosx iphoneos iphonesimulator appletvos appletvsimulator watchos watchsimulator";
				SWIFT_ACTIVE_COMPILATION_CONDITIONS = "$(inherited) SWIFT_PACKAGE DEBUG";
				SWIFT_OPTIMIZATION_LEVEL = "-Onone";
				USE_HEADERMAP = NO;
			};
			name = Debug;
		};
		OBJ_4 /* Release */ = {
			isa = XCBuildConfiguration;
			buildSettings = {
				CLANG_ENABLE_OBJC_ARC = YES;
				COMBINE_HIDPI_IMAGES = YES;
				COPY_PHASE_STRIP = YES;
				DEBUG_INFORMATION_FORMAT = "dwarf-with-dsym";
				DYLIB_INSTALL_NAME_BASE = "@rpath";
				GCC_OPTIMIZATION_LEVEL = s;
				GCC_PREPROCESSOR_DEFINITIONS = (
					"$(inherited)",
					"SWIFT_PACKAGE=1",
				);
				MACOSX_DEPLOYMENT_TARGET = 10.10;
				OTHER_SWIFT_FLAGS = "-DXcode";
				PRODUCT_NAME = "$(TARGET_NAME)";
				SDKROOT = macosx;
				SUPPORTED_PLATFORMS = "macosx iphoneos iphonesimulator appletvos appletvsimulator watchos watchsimulator";
				SWIFT_ACTIVE_COMPILATION_CONDITIONS = "$(inherited) SWIFT_PACKAGE";
				SWIFT_OPTIMIZATION_LEVEL = "-Owholemodule";
				USE_HEADERMAP = NO;
			};
			name = Release;
		};
		OBJ_52 /* Debug */ = {
			isa = XCBuildConfiguration;
			buildSettings = {
				ENABLE_TESTABILITY = YES;
				FRAMEWORK_SEARCH_PATHS = (
					"$(inherited)",
					"$(PLATFORM_DIR)/Developer/Library/Frameworks",
				);
				HEADER_SEARCH_PATHS = "$(inherited)";
				INFOPLIST_FILE = Blackjack.xcodeproj/Blackjack_Info.plist;
				LD_RUNPATH_SEARCH_PATHS = "$(inherited) $(TOOLCHAIN_DIR)/usr/lib/swift/macosx";
				OTHER_CFLAGS = "$(inherited)";
				OTHER_LDFLAGS = "$(inherited)";
				OTHER_SWIFT_FLAGS = "$(inherited)";
				PRODUCT_BUNDLE_IDENTIFIER = Blackjack;
				PRODUCT_MODULE_NAME = "$(TARGET_NAME:c99extidentifier)";
				PRODUCT_NAME = "$(TARGET_NAME:c99extidentifier)";
				SKIP_INSTALL = YES;
				SWIFT_ACTIVE_COMPILATION_CONDITIONS = "$(inherited)";
				SWIFT_VERSION = 5.0;
				TARGET_NAME = Blackjack;
			};
			name = Debug;
		};
		OBJ_53 /* Release */ = {
			isa = XCBuildConfiguration;
			buildSettings = {
				ENABLE_TESTABILITY = YES;
				FRAMEWORK_SEARCH_PATHS = (
					"$(inherited)",
					"$(PLATFORM_DIR)/Developer/Library/Frameworks",
				);
				HEADER_SEARCH_PATHS = "$(inherited)";
				INFOPLIST_FILE = Blackjack.xcodeproj/Blackjack_Info.plist;
				LD_RUNPATH_SEARCH_PATHS = "$(inherited) $(TOOLCHAIN_DIR)/usr/lib/swift/macosx";
				OTHER_CFLAGS = "$(inherited)";
				OTHER_LDFLAGS = "$(inherited)";
				OTHER_SWIFT_FLAGS = "$(inherited)";
				PRODUCT_BUNDLE_IDENTIFIER = Blackjack;
				PRODUCT_MODULE_NAME = "$(TARGET_NAME:c99extidentifier)";
				PRODUCT_NAME = "$(TARGET_NAME:c99extidentifier)";
				SKIP_INSTALL = YES;
				SWIFT_ACTIVE_COMPILATION_CONDITIONS = "$(inherited)";
				SWIFT_VERSION = 5.0;
				TARGET_NAME = Blackjack;
			};
			name = Release;
		};
		OBJ_75 /* Debug */ = {
			isa = XCBuildConfiguration;
			buildSettings = {
				LD = /usr/bin/true;
				OTHER_SWIFT_FLAGS = "-swift-version 4.2 -I $(TOOLCHAIN_DIR)/usr/lib/swift/pm/4_2 -target x86_64-apple-macosx10.10 -sdk /Applications/Xcode.app/Contents/Developer/Platforms/MacOSX.platform/Developer/SDKs/MacOSX10.14.sdk";
				SWIFT_VERSION = 5.0;
			};
			name = Debug;
		};
		OBJ_76 /* Release */ = {
			isa = XCBuildConfiguration;
			buildSettings = {
				LD = /usr/bin/true;
				OTHER_SWIFT_FLAGS = "-swift-version 4.2 -I $(TOOLCHAIN_DIR)/usr/lib/swift/pm/4_2 -target x86_64-apple-macosx10.10 -sdk /Applications/Xcode.app/Contents/Developer/Platforms/MacOSX.platform/Developer/SDKs/MacOSX10.14.sdk";
				SWIFT_VERSION = 5.0;
			};
			name = Release;
		};
		OBJ_81 /* Debug */ = {
			isa = XCBuildConfiguration;
			buildSettings = {
			};
			name = Debug;
		};
		OBJ_82 /* Release */ = {
			isa = XCBuildConfiguration;
			buildSettings = {
			};
			name = Release;
		};
		OBJ_86 /* Debug */ = {
			isa = XCBuildConfiguration;
			buildSettings = {
				CLANG_ENABLE_MODULES = YES;
				EMBEDDED_CONTENT_CONTAINS_SWIFT = YES;
				FRAMEWORK_SEARCH_PATHS = (
					"$(inherited)",
					"$(PLATFORM_DIR)/Developer/Library/Frameworks",
				);
				HEADER_SEARCH_PATHS = "$(inherited)";
				INFOPLIST_FILE = Blackjack.xcodeproj/BlackjackTests_Info.plist;
				LD_RUNPATH_SEARCH_PATHS = "$(inherited) @loader_path/../Frameworks @loader_path/Frameworks";
				OTHER_CFLAGS = "$(inherited)";
				OTHER_LDFLAGS = "$(inherited)";
				OTHER_SWIFT_FLAGS = "$(inherited)";
				SWIFT_ACTIVE_COMPILATION_CONDITIONS = "$(inherited)";
				SWIFT_VERSION = 5.0;
				TARGET_NAME = BlackjackTests;
			};
			name = Debug;
		};
		OBJ_87 /* Release */ = {
			isa = XCBuildConfiguration;
			buildSettings = {
				CLANG_ENABLE_MODULES = YES;
				EMBEDDED_CONTENT_CONTAINS_SWIFT = YES;
				FRAMEWORK_SEARCH_PATHS = (
					"$(inherited)",
					"$(PLATFORM_DIR)/Developer/Library/Frameworks",
				);
				HEADER_SEARCH_PATHS = "$(inherited)";
				INFOPLIST_FILE = Blackjack.xcodeproj/BlackjackTests_Info.plist;
				LD_RUNPATH_SEARCH_PATHS = "$(inherited) @loader_path/../Frameworks @loader_path/Frameworks";
				OTHER_CFLAGS = "$(inherited)";
				OTHER_LDFLAGS = "$(inherited)";
				OTHER_SWIFT_FLAGS = "$(inherited)";
				SWIFT_ACTIVE_COMPILATION_CONDITIONS = "$(inherited)";
				SWIFT_VERSION = 5.0;
				TARGET_NAME = BlackjackTests;
			};
			name = Release;
		};
/* End XCBuildConfiguration section */

/* Begin XCConfigurationList section */
		OBJ_102 /* Build configuration list for PBXNativeTarget "PlayingCards" */ = {
			isa = XCConfigurationList;
			buildConfigurations = (
				OBJ_103 /* Debug */,
				OBJ_104 /* Release */,
			);
			defaultConfigurationIsVisible = 0;
			defaultConfigurationName = Release;
		};
		OBJ_112 /* Build configuration list for PBXNativeTarget "PlayingCardsPackageDescription" */ = {
			isa = XCConfigurationList;
			buildConfigurations = (
				OBJ_113 /* Debug */,
				OBJ_114 /* Release */,
			);
			defaultConfigurationIsVisible = 0;
			defaultConfigurationName = Release;
		};
		OBJ_117 /* Build configuration list for PBXNativeTarget "Shuffling" */ = {
			isa = XCConfigurationList;
			buildConfigurations = (
				OBJ_118 /* Debug */,
				OBJ_119 /* Release */,
			);
			defaultConfigurationIsVisible = 0;
			defaultConfigurationName = Release;
		};
		OBJ_125 /* Build configuration list for PBXNativeTarget "ShufflingPackageDescription" */ = {
			isa = XCConfigurationList;
			buildConfigurations = (
				OBJ_126 /* Debug */,
				OBJ_127 /* Release */,
			);
			defaultConfigurationIsVisible = 0;
			defaultConfigurationName = Release;
		};
		OBJ_2 /* Build configuration list for PBXProject "Blackjack" */ = {
			isa = XCConfigurationList;
			buildConfigurations = (
				OBJ_3 /* Debug */,
				OBJ_4 /* Release */,
			);
			defaultConfigurationIsVisible = 0;
			defaultConfigurationName = Release;
		};
		OBJ_51 /* Build configuration list for PBXNativeTarget "Blackjack" */ = {
			isa = XCConfigurationList;
			buildConfigurations = (
				OBJ_52 /* Debug */,
				OBJ_53 /* Release */,
			);
			defaultConfigurationIsVisible = 0;
			defaultConfigurationName = Release;
		};
		OBJ_74 /* Build configuration list for PBXNativeTarget "BlackjackPackageDescription" */ = {
			isa = XCConfigurationList;
			buildConfigurations = (
				OBJ_75 /* Debug */,
				OBJ_76 /* Release */,
			);
			defaultConfigurationIsVisible = 0;
			defaultConfigurationName = Release;
		};
		OBJ_80 /* Build configuration list for PBXAggregateTarget "BlackjackPackageTests" */ = {
			isa = XCConfigurationList;
			buildConfigurations = (
				OBJ_81 /* Debug */,
				OBJ_82 /* Release */,
			);
			defaultConfigurationIsVisible = 0;
			defaultConfigurationName = Release;
		};
		OBJ_85 /* Build configuration list for PBXNativeTarget "BlackjackTests" */ = {
			isa = XCConfigurationList;
			buildConfigurations = (
				OBJ_86 /* Debug */,
				OBJ_87 /* Release */,
			);
			defaultConfigurationIsVisible = 0;
			defaultConfigurationName = Release;
		};
/* End XCConfigurationList section */
	};
	rootObject = OBJ_1 /* Project object */;
}
